
Microsoft Visual Studio Solution File, Format Version 12.00
# Visual Studio Version 16
VisualStudioVersion = 16.0.32228.343
MinimumVisualStudioVersion = 10.0.40219.1
Project("{FAE04EC0-301F-11D3-BF4B-00C04F79EFBC}") = "ClassMoney", "ClassMoney\ClassMoney.csproj", "{450626D0-DDC9-4FB8-AD66-5379398747D4}"
EndProject
Global
	GlobalSection(SolutionConfigurationPlatforms) = preSolution
		Debug|Any CPU = Debug|Any CPU
		Release|Any CPU = Release|Any CPU
	EndGlobalSection
	GlobalSection(ProjectConfigurationPlatforms) = postSolution
		{450626D0-DDC9-4FB8-AD66-5379398747D4}.Debug|Any CPU.ActiveCfg = Debug|Any CPU
		{450626D0-DDC9-4FB8-AD66-5379398747D4}.Debug|Any CPU.Build.0 = Debug|Any CPU
		{450626D0-DDC9-4FB8-AD66-5379398747D4}.Release|Any CPU.ActiveCfg = Release|Any CPU
		{450626D0-DDC9-4FB8-AD66-5379398747D4}.Release|Any CPU.Build.0 = Release|Any CPU
	EndGlobalSection
	GlobalSection(SolutionProperties) = preSolution
		HideSolutionNode = FALSE
	EndGlobalSection
	GlobalSection(ExtensibilityGlobals) = postSolution
		SolutionGuid = {F0F47932-302C-4F53-8BAC-3A92EF634FD8}
	EndGlobalSection
EndGlobal
